
Microsoft Visual Studio Solution File, Format Version 12.00
# Visual Studio Version 17
VisualStudioVersion = 17.12.35707.178 d17.12
MinimumVisualStudioVersion = 10.0.40219.1
Project("{FAE04EC0-301F-11D3-BF4B-00C04F79EFBC}") = "FactoryPattern.Core", "FactoryPattern.Core\FactoryPattern.Core.csproj", "{5FEE7AF0-A45F-4467-9324-C3414D4EFC52}"
EndProject
Project("{FAE04EC0-301F-11D3-BF4B-00C04F79EFBC}") = "FactoryPattern.Services", "FactoryPattern.Services\FactoryPattern.Services.csproj", "{76DD2E91-4715-487B-AB39-E2A7060A5C49}"
EndProject
Project("{FAE04EC0-301F-11D3-BF4B-00C04F79EFBC}") = "FactoryPattern.Client", "FactoryPattern.Client\FactoryPattern.Client.csproj", "{F5A0E7FD-A131-434A-AC25-111340F1317C}"
EndProject
Project("{FAE04EC0-301F-11D3-BF4B-00C04F79EFBC}") = "FactoryPattern.Tests", "FactoryPattern.Tests\FactoryPattern.Tests.csproj", "{6EB29040-3B8C-4BD5-A86F-8D1A076031A4}"
EndProject
Global
	GlobalSection(SolutionConfigurationPlatforms) = preSolution
		Debug|Any CPU = Debug|Any CPU
		Release|Any CPU = Release|Any CPU
	EndGlobalSection
	GlobalSection(ProjectConfigurationPlatforms) = postSolution
		{5FEE7AF0-A45F-4467-9324-C3414D4EFC52}.Debug|Any CPU.ActiveCfg = Debug|Any CPU
		{5FEE7AF0-A45F-4467-9324-C3414D4EFC52}.Debug|Any CPU.Build.0 = Debug|Any CPU
		{5FEE7AF0-A45F-4467-9324-C3414D4EFC52}.Release|Any CPU.ActiveCfg = Release|Any CPU
		{5FEE7AF0-A45F-4467-9324-C3414D4EFC52}.Release|Any CPU.Build.0 = Release|Any CPU
		{76DD2E91-4715-487B-AB39-E2A7060A5C49}.Debug|Any CPU.ActiveCfg = Debug|Any CPU
		{76DD2E91-4715-487B-AB39-E2A7060A5C49}.Debug|Any CPU.Build.0 = Debug|Any CPU
		{76DD2E91-4715-487B-AB39-E2A7060A5C49}.Release|Any CPU.ActiveCfg = Release|Any CPU
		{76DD2E91-4715-487B-AB39-E2A7060A5C49}.Release|Any CPU.Build.0 = Release|Any CPU
		{F5A0E7FD-A131-434A-AC25-111340F1317C}.Debug|Any CPU.ActiveCfg = Debug|Any CPU
		{F5A0E7FD-A131-434A-AC25-111340F1317C}.Debug|Any CPU.Build.0 = Debug|Any CPU
		{F5A0E7FD-A131-434A-AC25-111340F1317C}.Release|Any CPU.ActiveCfg = Release|Any CPU
		{F5A0E7FD-A131-434A-AC25-111340F1317C}.Release|Any CPU.Build.0 = Release|Any CPU
		{6EB29040-3B8C-4BD5-A86F-8D1A076031A4}.Debug|Any CPU.ActiveCfg = Debug|Any CPU
		{6EB29040-3B8C-4BD5-A86F-8D1A076031A4}.Debug|Any CPU.Build.0 = Debug|Any CPU
		{6EB29040-3B8C-4BD5-A86F-8D1A076031A4}.Release|Any CPU.ActiveCfg = Release|Any CPU
		{6EB29040-3B8C-4BD5-A86F-8D1A076031A4}.Release|Any CPU.Build.0 = Release|Any CPU
	EndGlobalSection
	GlobalSection(SolutionProperties) = preSolution
		HideSolutionNode = FALSE
	EndGlobalSection
EndGlobal
